
Microsoft Visual Studio Solution File, Format Version 12.00
# Visual Studio Version 16
VisualStudioVersion = 16.0.32002.261
MinimumVisualStudioVersion = 10.0.40219.1
Project("{9A19103F-16F7-4668-BE54-9A1E7A4F7556}") = "conditionalStatementExercises", "conditionalStatementExercises\conditionalStatementExercises.csproj", "{F4EDD3B6-E6B9-463E-ADC6-A414DF971ED2}"
EndProject
Project("{9A19103F-16F7-4668-BE54-9A1E7A4F7556}") = "BonusScore", "BonusScore\BonusScore.csproj", "{6A4E2FE4-55E7-4902-BF44-5194E5167B8F}"
EndProject
Project("{FAE04EC0-301F-11D3-BF4B-00C04F79EFBC}") = "Time + 15 Minutes", "Time + 15 Minutes\Time + 15 Minutes.csproj", "{F105BB0B-AC7B-47ED-A6EF-6AE439B22FD1}"
EndProject
Project("{FAE04EC0-301F-11D3-BF4B-00C04F79EFBC}") = "ToyShop", "ToyShop\ToyShop.csproj", "{89755A8F-5729-4645-AED4-AD02F382836C}"
EndProject
Project("{FAE04EC0-301F-11D3-BF4B-00C04F79EFBC}") = "Shopping", "Shopping\Shopping.csproj", "{EF64910B-526F-479E-B4C5-241C1362E286}"
EndProject
Project("{FAE04EC0-301F-11D3-BF4B-00C04F79EFBC}") = "LunchBreak", "LunchBreak\LunchBreak.csproj", "{274CFB4D-239F-43B4-A946-537AEB3FAA1A}"
EndProject
Project("{FAE04EC0-301F-11D3-BF4B-00C04F79EFBC}") = "Godzilla vs. Kong", "Godzilla vs. Kong\Godzilla vs. Kong.csproj", "{7D474CC5-596B-427C-8116-C341BA705167}"
EndProject
Project("{FAE04EC0-301F-11D3-BF4B-00C04F79EFBC}") = "World Swimming Record", "World Swimming Record\World Swimming Record.csproj", "{AF9605FB-666B-4E63-B28D-C2890E44B835}"
EndProject
Global
	GlobalSection(SolutionConfigurationPlatforms) = preSolution
		Debug|Any CPU = Debug|Any CPU
		Release|Any CPU = Release|Any CPU
	EndGlobalSection
	GlobalSection(ProjectConfigurationPlatforms) = postSolution
		{F4EDD3B6-E6B9-463E-ADC6-A414DF971ED2}.Debug|Any CPU.ActiveCfg = Debug|Any CPU
		{F4EDD3B6-E6B9-463E-ADC6-A414DF971ED2}.Debug|Any CPU.Build.0 = Debug|Any CPU
		{F4EDD3B6-E6B9-463E-ADC6-A414DF971ED2}.Release|Any CPU.ActiveCfg = Release|Any CPU
		{F4EDD3B6-E6B9-463E-ADC6-A414DF971ED2}.Release|Any CPU.Build.0 = Release|Any CPU
		{6A4E2FE4-55E7-4902-BF44-5194E5167B8F}.Debug|Any CPU.ActiveCfg = Debug|Any CPU
		{6A4E2FE4-55E7-4902-BF44-5194E5167B8F}.Debug|Any CPU.Build.0 = Debug|Any CPU
		{6A4E2FE4-55E7-4902-BF44-5194E5167B8F}.Release|Any CPU.ActiveCfg = Release|Any CPU
		{6A4E2FE4-55E7-4902-BF44-5194E5167B8F}.Release|Any CPU.Build.0 = Release|Any CPU
		{F105BB0B-AC7B-47ED-A6EF-6AE439B22FD1}.Debug|Any CPU.ActiveCfg = Debug|Any CPU
		{F105BB0B-AC7B-47ED-A6EF-6AE439B22FD1}.Debug|Any CPU.Build.0 = Debug|Any CPU
		{F105BB0B-AC7B-47ED-A6EF-6AE439B22FD1}.Release|Any CPU.ActiveCfg = Release|Any CPU
		{F105BB0B-AC7B-47ED-A6EF-6AE439B22FD1}.Release|Any CPU.Build.0 = Release|Any CPU
		{89755A8F-5729-4645-AED4-AD02F382836C}.Debug|Any CPU.ActiveCfg = Debug|Any CPU
		{89755A8F-5729-4645-AED4-AD02F382836C}.Debug|Any CPU.Build.0 = Debug|Any CPU
		{89755A8F-5729-4645-AED4-AD02F382836C}.Release|Any CPU.ActiveCfg = Release|Any CPU
		{89755A8F-5729-4645-AED4-AD02F382836C}.Release|Any CPU.Build.0 = Release|Any CPU
		{EF64910B-526F-479E-B4C5-241C1362E286}.Debug|Any CPU.ActiveCfg = Debug|Any CPU
		{EF64910B-526F-479E-B4C5-241C1362E286}.Debug|Any CPU.Build.0 = Debug|Any CPU
		{EF64910B-526F-479E-B4C5-241C1362E286}.Release|Any CPU.ActiveCfg = Release|Any CPU
		{EF64910B-526F-479E-B4C5-241C1362E286}.Release|Any CPU.Build.0 = Release|Any CPU
		{274CFB4D-239F-43B4-A946-537AEB3FAA1A}.Debug|Any CPU.ActiveCfg = Debug|Any CPU
		{274CFB4D-239F-43B4-A946-537AEB3FAA1A}.Debug|Any CPU.Build.0 = Debug|Any CPU
		{274CFB4D-239F-43B4-A946-537AEB3FAA1A}.Release|Any CPU.ActiveCfg = Release|Any CPU
		{274CFB4D-239F-43B4-A946-537AEB3FAA1A}.Release|Any CPU.Build.0 = Release|Any CPU
		{7D474CC5-596B-427C-8116-C341BA705167}.Debug|Any CPU.ActiveCfg = Debug|Any CPU
		{7D474CC5-596B-427C-8116-C341BA705167}.Debug|Any CPU.Build.0 = Debug|Any CPU
		{7D474CC5-596B-427C-8116-C341BA705167}.Release|Any CPU.ActiveCfg = Release|Any CPU
		{7D474CC5-596B-427C-8116-C341BA705167}.Release|Any CPU.Build.0 = Release|Any CPU
		{AF9605FB-666B-4E63-B28D-C2890E44B835}.Debug|Any CPU.ActiveCfg = Debug|Any CPU
		{AF9605FB-666B-4E63-B28D-C2890E44B835}.Debug|Any CPU.Build.0 = Debug|Any CPU
		{AF9605FB-666B-4E63-B28D-C2890E44B835}.Release|Any CPU.ActiveCfg = Release|Any CPU
		{AF9605FB-666B-4E63-B28D-C2890E44B835}.Release|Any CPU.Build.0 = Release|Any CPU
	EndGlobalSection
	GlobalSection(SolutionProperties) = preSolution
		HideSolutionNode = FALSE
	EndGlobalSection
	GlobalSection(ExtensibilityGlobals) = postSolution
		SolutionGuid = {FBDCFDAD-C462-46E1-B0CA-77938C2BC939}
	EndGlobalSection
EndGlobal
