
Microsoft Visual Studio Solution File, Format Version 12.00
# Visual Studio Version 16
VisualStudioVersion = 16.0.32002.261
MinimumVisualStudioVersion = 10.0.40219.1
Project("{FAE04EC0-301F-11D3-BF4B-00C04F79EFBC}") = "Defining Classes=Lab", "Defining Classes=Lab\Defining Classes=Lab.csproj", "{746F6ED6-3385-4701-803F-C8C2FB8D05E0}"
EndProject
Project("{FAE04EC0-301F-11D3-BF4B-00C04F79EFBC}") = "Car Extension", "Car Extension\Car Extension.csproj", "{2183EAF7-7336-4BB7-B083-F39D5F1E354B}"
EndProject
Project("{FAE04EC0-301F-11D3-BF4B-00C04F79EFBC}") = "Car Constructors", "Car Constructors\Car Constructors.csproj", "{A1BD21A5-15DA-47FB-9D8A-820BA84E77A2}"
EndProject
Project("{FAE04EC0-301F-11D3-BF4B-00C04F79EFBC}") = "Car Engine And Tires", "Car Engine And Tires\Car Engine And Tires.csproj", "{610BC351-5F8C-42BC-A759-A8C21C8F138F}"
EndProject
Project("{FAE04EC0-301F-11D3-BF4B-00C04F79EFBC}") = "Special Cars", "Special Cars\Special Cars.csproj", "{E18A7514-11FD-4299-A598-05A40CF2637C}"
EndProject
Global
	GlobalSection(SolutionConfigurationPlatforms) = preSolution
		Debug|Any CPU = Debug|Any CPU
		Release|Any CPU = Release|Any CPU
	EndGlobalSection
	GlobalSection(ProjectConfigurationPlatforms) = postSolution
		{746F6ED6-3385-4701-803F-C8C2FB8D05E0}.Debug|Any CPU.ActiveCfg = Debug|Any CPU
		{746F6ED6-3385-4701-803F-C8C2FB8D05E0}.Debug|Any CPU.Build.0 = Debug|Any CPU
		{746F6ED6-3385-4701-803F-C8C2FB8D05E0}.Release|Any CPU.ActiveCfg = Release|Any CPU
		{746F6ED6-3385-4701-803F-C8C2FB8D05E0}.Release|Any CPU.Build.0 = Release|Any CPU
		{2183EAF7-7336-4BB7-B083-F39D5F1E354B}.Debug|Any CPU.ActiveCfg = Debug|Any CPU
		{2183EAF7-7336-4BB7-B083-F39D5F1E354B}.Debug|Any CPU.Build.0 = Debug|Any CPU
		{2183EAF7-7336-4BB7-B083-F39D5F1E354B}.Release|Any CPU.ActiveCfg = Release|Any CPU
		{2183EAF7-7336-4BB7-B083-F39D5F1E354B}.Release|Any CPU.Build.0 = Release|Any CPU
		{A1BD21A5-15DA-47FB-9D8A-820BA84E77A2}.Debug|Any CPU.ActiveCfg = Debug|Any CPU
		{A1BD21A5-15DA-47FB-9D8A-820BA84E77A2}.Debug|Any CPU.Build.0 = Debug|Any CPU
		{A1BD21A5-15DA-47FB-9D8A-820BA84E77A2}.Release|Any CPU.ActiveCfg = Release|Any CPU
		{A1BD21A5-15DA-47FB-9D8A-820BA84E77A2}.Release|Any CPU.Build.0 = Release|Any CPU
		{610BC351-5F8C-42BC-A759-A8C21C8F138F}.Debug|Any CPU.ActiveCfg = Debug|Any CPU
		{610BC351-5F8C-42BC-A759-A8C21C8F138F}.Debug|Any CPU.Build.0 = Debug|Any CPU
		{610BC351-5F8C-42BC-A759-A8C21C8F138F}.Release|Any CPU.ActiveCfg = Release|Any CPU
		{610BC351-5F8C-42BC-A759-A8C21C8F138F}.Release|Any CPU.Build.0 = Release|Any CPU
		{E18A7514-11FD-4299-A598-05A40CF2637C}.Debug|Any CPU.ActiveCfg = Debug|Any CPU
		{E18A7514-11FD-4299-A598-05A40CF2637C}.Debug|Any CPU.Build.0 = Debug|Any CPU
		{E18A7514-11FD-4299-A598-05A40CF2637C}.Release|Any CPU.ActiveCfg = Release|Any CPU
		{E18A7514-11FD-4299-A598-05A40CF2637C}.Release|Any CPU.Build.0 = Release|Any CPU
	EndGlobalSection
	GlobalSection(SolutionProperties) = preSolution
		HideSolutionNode = FALSE
	EndGlobalSection
	GlobalSection(ExtensibilityGlobals) = postSolution
		SolutionGuid = {DBDCE484-062E-4952-81D2-65FF0CB17B5B}
	EndGlobalSection
EndGlobal
