
Microsoft Visual Studio Solution File, Format Version 12.00
# Visual Studio Version 16
VisualStudioVersion = 16.0.32002.261
MinimumVisualStudioVersion = 10.0.40219.1
Project("{FAE04EC0-301F-11D3-BF4B-00C04F79EFBC}") = "Streams, Files and Directories-Lab", "Streams, Files and Directories-Lab\Streams, Files and Directories-Lab.csproj", "{07565EBD-C904-4B94-80C1-88220F52B561}"
EndProject
Global
	GlobalSection(SolutionConfigurationPlatforms) = preSolution
		Debug|Any CPU = Debug|Any CPU
		Release|Any CPU = Release|Any CPU
	EndGlobalSection
	GlobalSection(ProjectConfigurationPlatforms) = postSolution
		{07565EBD-C904-4B94-80C1-88220F52B561}.Debug|Any CPU.ActiveCfg = Debug|Any CPU
		{07565EBD-C904-4B94-80C1-88220F52B561}.Debug|Any CPU.Build.0 = Debug|Any CPU
		{07565EBD-C904-4B94-80C1-88220F52B561}.Release|Any CPU.ActiveCfg = Release|Any CPU
		{07565EBD-C904-4B94-80C1-88220F52B561}.Release|Any CPU.Build.0 = Release|Any CPU
	EndGlobalSection
	GlobalSection(SolutionProperties) = preSolution
		HideSolutionNode = FALSE
	EndGlobalSection
	GlobalSection(ExtensibilityGlobals) = postSolution
		SolutionGuid = {460468D3-C04A-439F-9261-1FCD6073246C}
	EndGlobalSection
EndGlobal
