
Microsoft Visual Studio Solution File, Format Version 12.00
# Visual Studio Version 16
VisualStudioVersion = 16.0.32002.261
MinimumVisualStudioVersion = 10.0.40219.1
Project("{FAE04EC0-301F-11D3-BF4B-00C04F79EFBC}") = "text-processing-exercise", "text-processing-exercise\text-processing-exercise.csproj", "{1881B96C-DEC0-4080-94F1-2047A557CCE0}"
EndProject
Project("{FAE04EC0-301F-11D3-BF4B-00C04F79EFBC}") = "Character Multiplier", "Character Multiplier\Character Multiplier.csproj", "{3247689E-09A1-4752-98F3-DF0B6E61469A}"
EndProject
Project("{FAE04EC0-301F-11D3-BF4B-00C04F79EFBC}") = "Extract File", "Extract File\Extract File.csproj", "{AD0E6A06-22D0-4B42-AFE3-0E45F7B75CB6}"
EndProject
Project("{FAE04EC0-301F-11D3-BF4B-00C04F79EFBC}") = "Caesar Cipher", "Caesar Cipher\Caesar Cipher.csproj", "{BFFB9888-FEDE-4F79-A297-4428C65DEC0F}"
EndProject
Project("{FAE04EC0-301F-11D3-BF4B-00C04F79EFBC}") = "Multiply Big Number", "Multiply Big Number\Multiply Big Number.csproj", "{B00E7A04-C8B3-4693-9268-E1690A09CE31}"
EndProject
Project("{FAE04EC0-301F-11D3-BF4B-00C04F79EFBC}") = "Replace Repeating Chars", "Replace Repeating Chars\Replace Repeating Chars.csproj", "{C6DAB7DC-554B-441A-B5BD-C0DBB9282CAC}"
EndProject
Project("{FAE04EC0-301F-11D3-BF4B-00C04F79EFBC}") = "String Explosion", "String Explosion\String Explosion.csproj", "{D6A36086-B4CD-4D35-949F-89128D1057D5}"
EndProject
Project("{FAE04EC0-301F-11D3-BF4B-00C04F79EFBC}") = "Letters Change Numbers", "Letters Change Numbers\Letters Change Numbers.csproj", "{09AFE532-A8FB-490A-B390-BF0CEB23DB34}"
EndProject
Global
	GlobalSection(SolutionConfigurationPlatforms) = preSolution
		Debug|Any CPU = Debug|Any CPU
		Release|Any CPU = Release|Any CPU
	EndGlobalSection
	GlobalSection(ProjectConfigurationPlatforms) = postSolution
		{1881B96C-DEC0-4080-94F1-2047A557CCE0}.Debug|Any CPU.ActiveCfg = Debug|Any CPU
		{1881B96C-DEC0-4080-94F1-2047A557CCE0}.Debug|Any CPU.Build.0 = Debug|Any CPU
		{1881B96C-DEC0-4080-94F1-2047A557CCE0}.Release|Any CPU.ActiveCfg = Release|Any CPU
		{1881B96C-DEC0-4080-94F1-2047A557CCE0}.Release|Any CPU.Build.0 = Release|Any CPU
		{3247689E-09A1-4752-98F3-DF0B6E61469A}.Debug|Any CPU.ActiveCfg = Debug|Any CPU
		{3247689E-09A1-4752-98F3-DF0B6E61469A}.Debug|Any CPU.Build.0 = Debug|Any CPU
		{3247689E-09A1-4752-98F3-DF0B6E61469A}.Release|Any CPU.ActiveCfg = Release|Any CPU
		{3247689E-09A1-4752-98F3-DF0B6E61469A}.Release|Any CPU.Build.0 = Release|Any CPU
		{AD0E6A06-22D0-4B42-AFE3-0E45F7B75CB6}.Debug|Any CPU.ActiveCfg = Debug|Any CPU
		{AD0E6A06-22D0-4B42-AFE3-0E45F7B75CB6}.Debug|Any CPU.Build.0 = Debug|Any CPU
		{AD0E6A06-22D0-4B42-AFE3-0E45F7B75CB6}.Release|Any CPU.ActiveCfg = Release|Any CPU
		{AD0E6A06-22D0-4B42-AFE3-0E45F7B75CB6}.Release|Any CPU.Build.0 = Release|Any CPU
		{BFFB9888-FEDE-4F79-A297-4428C65DEC0F}.Debug|Any CPU.ActiveCfg = Debug|Any CPU
		{BFFB9888-FEDE-4F79-A297-4428C65DEC0F}.Debug|Any CPU.Build.0 = Debug|Any CPU
		{BFFB9888-FEDE-4F79-A297-4428C65DEC0F}.Release|Any CPU.ActiveCfg = Release|Any CPU
		{BFFB9888-FEDE-4F79-A297-4428C65DEC0F}.Release|Any CPU.Build.0 = Release|Any CPU
		{B00E7A04-C8B3-4693-9268-E1690A09CE31}.Debug|Any CPU.ActiveCfg = Debug|Any CPU
		{B00E7A04-C8B3-4693-9268-E1690A09CE31}.Debug|Any CPU.Build.0 = Debug|Any CPU
		{B00E7A04-C8B3-4693-9268-E1690A09CE31}.Release|Any CPU.ActiveCfg = Release|Any CPU
		{B00E7A04-C8B3-4693-9268-E1690A09CE31}.Release|Any CPU.Build.0 = Release|Any CPU
		{C6DAB7DC-554B-441A-B5BD-C0DBB9282CAC}.Debug|Any CPU.ActiveCfg = Debug|Any CPU
		{C6DAB7DC-554B-441A-B5BD-C0DBB9282CAC}.Debug|Any CPU.Build.0 = Debug|Any CPU
		{C6DAB7DC-554B-441A-B5BD-C0DBB9282CAC}.Release|Any CPU.ActiveCfg = Release|Any CPU
		{C6DAB7DC-554B-441A-B5BD-C0DBB9282CAC}.Release|Any CPU.Build.0 = Release|Any CPU
		{D6A36086-B4CD-4D35-949F-89128D1057D5}.Debug|Any CPU.ActiveCfg = Debug|Any CPU
		{D6A36086-B4CD-4D35-949F-89128D1057D5}.Debug|Any CPU.Build.0 = Debug|Any CPU
		{D6A36086-B4CD-4D35-949F-89128D1057D5}.Release|Any CPU.ActiveCfg = Release|Any CPU
		{D6A36086-B4CD-4D35-949F-89128D1057D5}.Release|Any CPU.Build.0 = Release|Any CPU
		{09AFE532-A8FB-490A-B390-BF0CEB23DB34}.Debug|Any CPU.ActiveCfg = Debug|Any CPU
		{09AFE532-A8FB-490A-B390-BF0CEB23DB34}.Debug|Any CPU.Build.0 = Debug|Any CPU
		{09AFE532-A8FB-490A-B390-BF0CEB23DB34}.Release|Any CPU.ActiveCfg = Release|Any CPU
		{09AFE532-A8FB-490A-B390-BF0CEB23DB34}.Release|Any CPU.Build.0 = Release|Any CPU
	EndGlobalSection
	GlobalSection(SolutionProperties) = preSolution
		HideSolutionNode = FALSE
	EndGlobalSection
	GlobalSection(ExtensibilityGlobals) = postSolution
		SolutionGuid = {9FFD89EB-7D0F-409A-A121-B33F1F3EA3F4}
	EndGlobalSection
EndGlobal
