
Microsoft Visual Studio Solution File, Format Version 12.00
# Visual Studio Version 16
VisualStudioVersion = 16.0.32002.261
MinimumVisualStudioVersion = 10.0.40219.1
Project("{9A19103F-16F7-4668-BE54-9A1E7A4F7556}") = "While-loop", "While-loop\While-loop.csproj", "{5CB442DB-04A9-4ECE-A7AA-9B6EBD3CEB72}"
EndProject
Project("{9A19103F-16F7-4668-BE54-9A1E7A4F7556}") = "Password", "Password\Password.csproj", "{3D787D14-756E-4B98-8432-8C03C9D7F016}"
EndProject
Project("{9A19103F-16F7-4668-BE54-9A1E7A4F7556}") = "Sum Numbers", "Sum Numbers\Sum Numbers.csproj", "{07209088-77C8-467F-938B-E67B0271710B}"
EndProject
Project("{9A19103F-16F7-4668-BE54-9A1E7A4F7556}") = "Sequence 2k+1", "Sequence 2k+1\Sequence 2k+1.csproj", "{8440AC55-01AC-4930-9461-E75DEAC51267}"
EndProject
Project("{9A19103F-16F7-4668-BE54-9A1E7A4F7556}") = "Account Balance", "Account Balance\Account Balance.csproj", "{24086AE3-2FBF-4A53-8132-0EA78D92C0E0}"
EndProject
Project("{9A19103F-16F7-4668-BE54-9A1E7A4F7556}") = "Graduation", "Graduation\Graduation.csproj", "{F5792C71-5681-4647-8D51-87AB7E5123EA}"
EndProject
Project("{FAE04EC0-301F-11D3-BF4B-00C04F79EFBC}") = "Max Number", "Max Number\Max Number.csproj", "{AB451513-4710-4A73-8C86-B78E8DE92AC7}"
EndProject
Project("{FAE04EC0-301F-11D3-BF4B-00C04F79EFBC}") = "Min Number", "Min Number\Min Number.csproj", "{798EB140-8EA7-4116-8EC1-3E6430F7E5FF}"
EndProject
Global
	GlobalSection(SolutionConfigurationPlatforms) = preSolution
		Debug|Any CPU = Debug|Any CPU
		Release|Any CPU = Release|Any CPU
	EndGlobalSection
	GlobalSection(ProjectConfigurationPlatforms) = postSolution
		{5CB442DB-04A9-4ECE-A7AA-9B6EBD3CEB72}.Debug|Any CPU.ActiveCfg = Debug|Any CPU
		{5CB442DB-04A9-4ECE-A7AA-9B6EBD3CEB72}.Debug|Any CPU.Build.0 = Debug|Any CPU
		{5CB442DB-04A9-4ECE-A7AA-9B6EBD3CEB72}.Release|Any CPU.ActiveCfg = Release|Any CPU
		{5CB442DB-04A9-4ECE-A7AA-9B6EBD3CEB72}.Release|Any CPU.Build.0 = Release|Any CPU
		{3D787D14-756E-4B98-8432-8C03C9D7F016}.Debug|Any CPU.ActiveCfg = Debug|Any CPU
		{3D787D14-756E-4B98-8432-8C03C9D7F016}.Debug|Any CPU.Build.0 = Debug|Any CPU
		{3D787D14-756E-4B98-8432-8C03C9D7F016}.Release|Any CPU.ActiveCfg = Release|Any CPU
		{3D787D14-756E-4B98-8432-8C03C9D7F016}.Release|Any CPU.Build.0 = Release|Any CPU
		{07209088-77C8-467F-938B-E67B0271710B}.Debug|Any CPU.ActiveCfg = Debug|Any CPU
		{07209088-77C8-467F-938B-E67B0271710B}.Debug|Any CPU.Build.0 = Debug|Any CPU
		{07209088-77C8-467F-938B-E67B0271710B}.Release|Any CPU.ActiveCfg = Release|Any CPU
		{07209088-77C8-467F-938B-E67B0271710B}.Release|Any CPU.Build.0 = Release|Any CPU
		{8440AC55-01AC-4930-9461-E75DEAC51267}.Debug|Any CPU.ActiveCfg = Debug|Any CPU
		{8440AC55-01AC-4930-9461-E75DEAC51267}.Debug|Any CPU.Build.0 = Debug|Any CPU
		{8440AC55-01AC-4930-9461-E75DEAC51267}.Release|Any CPU.ActiveCfg = Release|Any CPU
		{8440AC55-01AC-4930-9461-E75DEAC51267}.Release|Any CPU.Build.0 = Release|Any CPU
		{24086AE3-2FBF-4A53-8132-0EA78D92C0E0}.Debug|Any CPU.ActiveCfg = Debug|Any CPU
		{24086AE3-2FBF-4A53-8132-0EA78D92C0E0}.Debug|Any CPU.Build.0 = Debug|Any CPU
		{24086AE3-2FBF-4A53-8132-0EA78D92C0E0}.Release|Any CPU.ActiveCfg = Release|Any CPU
		{24086AE3-2FBF-4A53-8132-0EA78D92C0E0}.Release|Any CPU.Build.0 = Release|Any CPU
		{F5792C71-5681-4647-8D51-87AB7E5123EA}.Debug|Any CPU.ActiveCfg = Debug|Any CPU
		{F5792C71-5681-4647-8D51-87AB7E5123EA}.Debug|Any CPU.Build.0 = Debug|Any CPU
		{F5792C71-5681-4647-8D51-87AB7E5123EA}.Release|Any CPU.ActiveCfg = Release|Any CPU
		{F5792C71-5681-4647-8D51-87AB7E5123EA}.Release|Any CPU.Build.0 = Release|Any CPU
		{AB451513-4710-4A73-8C86-B78E8DE92AC7}.Debug|Any CPU.ActiveCfg = Debug|Any CPU
		{AB451513-4710-4A73-8C86-B78E8DE92AC7}.Debug|Any CPU.Build.0 = Debug|Any CPU
		{AB451513-4710-4A73-8C86-B78E8DE92AC7}.Release|Any CPU.ActiveCfg = Release|Any CPU
		{AB451513-4710-4A73-8C86-B78E8DE92AC7}.Release|Any CPU.Build.0 = Release|Any CPU
		{798EB140-8EA7-4116-8EC1-3E6430F7E5FF}.Debug|Any CPU.ActiveCfg = Debug|Any CPU
		{798EB140-8EA7-4116-8EC1-3E6430F7E5FF}.Debug|Any CPU.Build.0 = Debug|Any CPU
		{798EB140-8EA7-4116-8EC1-3E6430F7E5FF}.Release|Any CPU.ActiveCfg = Release|Any CPU
		{798EB140-8EA7-4116-8EC1-3E6430F7E5FF}.Release|Any CPU.Build.0 = Release|Any CPU
	EndGlobalSection
	GlobalSection(SolutionProperties) = preSolution
		HideSolutionNode = FALSE
	EndGlobalSection
	GlobalSection(ExtensibilityGlobals) = postSolution
		SolutionGuid = {28CC56D6-7DEB-43F1-BE66-1C190E776A2D}
	EndGlobalSection
EndGlobal
